
Microsoft Visual Studio Solution File, Format Version 12.00
# Visual Studio Version 16
VisualStudioVersion = 16.0.31613.86
MinimumVisualStudioVersion = 10.0.40219.1
Project("{8BC9CEB8-8B4A-11D0-8D11-00A0C91BC942}") = "01_Window", "01_Window\01_Window.vcxproj", "{10F5FF53-6B61-45B8-B54C-1DD0CF4A20B7}"
EndProject
Project("{8BC9CEB8-8B4A-11D0-8D11-00A0C91BC942}") = "02_Triangle", "02_Triangle\02_Triangle.vcxproj", "{B01FF3D0-3849-46F5-8FB0-ABC5E29B0B20}"
EndProject
Project("{8BC9CEB8-8B4A-11D0-8D11-00A0C91BC942}") = "03_Triangle", "03_Triangle\03_Triangle.vcxproj", "{D71B838B-587C-40E1-AF95-3B6AF6110712}"
EndProject
Project("{8BC9CEB8-8B4A-11D0-8D11-00A0C91BC942}") = "04_Triangle", "04_Triangle\04_Triangle.vcxproj", "{9C8D9F0D-E232-41ED-BDEC-051F9A53E183}"
EndProject
Project("{8BC9CEB8-8B4A-11D0-8D11-00A0C91BC942}") = "05_Triangle", "05_Triangle\05_Triangle.vcxproj", "{36EF51C7-1D85-4266-832C-6C995B058DB9}"
EndProject
Project("{8BC9CEB8-8B4A-11D0-8D11-00A0C91BC942}") = "06_Shaders", "06_Shaders\06_Shaders.vcxproj", "{F1BB1C5A-7EC8-4253-A377-BFC9D8C4C028}"
EndProject
Project("{8BC9CEB8-8B4A-11D0-8D11-00A0C91BC942}") = "07_Texture", "07_Texture\07_Texture.vcxproj", "{0446945F-6F9A-4F0E-A8B4-B29AE7787509}"
EndProject
Project("{8BC9CEB8-8B4A-11D0-8D11-00A0C91BC942}") = "08_Texture", "08_Texture\08_Texture.vcxproj", "{EE285E83-6790-4BFB-A865-87BF85EBDD6E}"
EndProject
Project("{8BC9CEB8-8B4A-11D0-8D11-00A0C91BC942}") = "09_Transformation", "09_Transformation\09_Transformation.vcxproj", "{E17EAC9D-FA2F-4582-9150-E1471E7F8421}"
EndProject
Project("{8BC9CEB8-8B4A-11D0-8D11-00A0C91BC942}") = "10_OBJModelLoading", "10_OBJModelLoading\10_OBJModelLoading.vcxproj", "{51CB682A-9923-4D39-83FF-B3533869B5C0}"
EndProject
Project("{8BC9CEB8-8B4A-11D0-8D11-00A0C91BC942}") = "11_Lighting_Phong", "11_Lighting_Phong\11_Lighting_Phong.vcxproj", "{FEF803FE-D399-4930-99CC-89DF32CD646F}"
EndProject
Project("{8BC9CEB8-8B4A-11D0-8D11-00A0C91BC942}") = "12_Lighting_Material", "12_Lighting_Material\12_Lighting_Material.vcxproj", "{0DBCE62B-E805-468C-AAA2-8BA33884E311}"
EndProject
Global
	GlobalSection(SolutionConfigurationPlatforms) = preSolution
		Debug|x64 = Debug|x64
		Debug|x86 = Debug|x86
		Release|x64 = Release|x64
		Release|x86 = Release|x86
	EndGlobalSection
	GlobalSection(ProjectConfigurationPlatforms) = postSolution
		{10F5FF53-6B61-45B8-B54C-1DD0CF4A20B7}.Debug|x64.ActiveCfg = Debug|x64
		{10F5FF53-6B61-45B8-B54C-1DD0CF4A20B7}.Debug|x64.Build.0 = Debug|x64
		{10F5FF53-6B61-45B8-B54C-1DD0CF4A20B7}.Debug|x86.ActiveCfg = Debug|Win32
		{10F5FF53-6B61-45B8-B54C-1DD0CF4A20B7}.Debug|x86.Build.0 = Debug|Win32
		{10F5FF53-6B61-45B8-B54C-1DD0CF4A20B7}.Release|x64.ActiveCfg = Release|x64
		{10F5FF53-6B61-45B8-B54C-1DD0CF4A20B7}.Release|x64.Build.0 = Release|x64
		{10F5FF53-6B61-45B8-B54C-1DD0CF4A20B7}.Release|x86.ActiveCfg = Release|Win32
		{10F5FF53-6B61-45B8-B54C-1DD0CF4A20B7}.Release|x86.Build.0 = Release|Win32
		{B01FF3D0-3849-46F5-8FB0-ABC5E29B0B20}.Debug|x64.ActiveCfg = Debug|x64
		{B01FF3D0-3849-46F5-8FB0-ABC5E29B0B20}.Debug|x64.Build.0 = Debug|x64
		{B01FF3D0-3849-46F5-8FB0-ABC5E29B0B20}.Debug|x86.ActiveCfg = Debug|Win32
		{B01FF3D0-3849-46F5-8FB0-ABC5E29B0B20}.Debug|x86.Build.0 = Debug|Win32
		{B01FF3D0-3849-46F5-8FB0-ABC5E29B0B20}.Release|x64.ActiveCfg = Release|x64
		{B01FF3D0-3849-46F5-8FB0-ABC5E29B0B20}.Release|x64.Build.0 = Release|x64
		{B01FF3D0-3849-46F5-8FB0-ABC5E29B0B20}.Release|x86.ActiveCfg = Release|Win32
		{B01FF3D0-3849-46F5-8FB0-ABC5E29B0B20}.Release|x86.Build.0 = Release|Win32
		{D71B838B-587C-40E1-AF95-3B6AF6110712}.Debug|x64.ActiveCfg = Debug|x64
		{D71B838B-587C-40E1-AF95-3B6AF6110712}.Debug|x64.Build.0 = Debug|x64
		{D71B838B-587C-40E1-AF95-3B6AF6110712}.Debug|x86.ActiveCfg = Debug|Win32
		{D71B838B-587C-40E1-AF95-3B6AF6110712}.Debug|x86.Build.0 = Debug|Win32
		{D71B838B-587C-40E1-AF95-3B6AF6110712}.Release|x64.ActiveCfg = Release|x64
		{D71B838B-587C-40E1-AF95-3B6AF6110712}.Release|x64.Build.0 = Release|x64
		{D71B838B-587C-40E1-AF95-3B6AF6110712}.Release|x86.ActiveCfg = Release|Win32
		{D71B838B-587C-40E1-AF95-3B6AF6110712}.Release|x86.Build.0 = Release|Win32
		{9C8D9F0D-E232-41ED-BDEC-051F9A53E183}.Debug|x64.ActiveCfg = Debug|x64
		{9C8D9F0D-E232-41ED-BDEC-051F9A53E183}.Debug|x64.Build.0 = Debug|x64
		{9C8D9F0D-E232-41ED-BDEC-051F9A53E183}.Debug|x86.ActiveCfg = Debug|Win32
		{9C8D9F0D-E232-41ED-BDEC-051F9A53E183}.Debug|x86.Build.0 = Debug|Win32
		{9C8D9F0D-E232-41ED-BDEC-051F9A53E183}.Release|x64.ActiveCfg = Release|x64
		{9C8D9F0D-E232-41ED-BDEC-051F9A53E183}.Release|x64.Build.0 = Release|x64
		{9C8D9F0D-E232-41ED-BDEC-051F9A53E183}.Release|x86.ActiveCfg = Release|Win32
		{9C8D9F0D-E232-41ED-BDEC-051F9A53E183}.Release|x86.Build.0 = Release|Win32
		{36EF51C7-1D85-4266-832C-6C995B058DB9}.Debug|x64.ActiveCfg = Debug|x64
		{36EF51C7-1D85-4266-832C-6C995B058DB9}.Debug|x64.Build.0 = Debug|x64
		{36EF51C7-1D85-4266-832C-6C995B058DB9}.Debug|x86.ActiveCfg = Debug|Win32
		{36EF51C7-1D85-4266-832C-6C995B058DB9}.Debug|x86.Build.0 = Debug|Win32
		{36EF51C7-1D85-4266-832C-6C995B058DB9}.Release|x64.ActiveCfg = Release|x64
		{36EF51C7-1D85-4266-832C-6C995B058DB9}.Release|x64.Build.0 = Release|x64
		{36EF51C7-1D85-4266-832C-6C995B058DB9}.Release|x86.ActiveCfg = Release|Win32
		{36EF51C7-1D85-4266-832C-6C995B058DB9}.Release|x86.Build.0 = Release|Win32
		{F1BB1C5A-7EC8-4253-A377-BFC9D8C4C028}.Debug|x64.ActiveCfg = Debug|x64
		{F1BB1C5A-7EC8-4253-A377-BFC9D8C4C028}.Debug|x64.Build.0 = Debug|x64
		{F1BB1C5A-7EC8-4253-A377-BFC9D8C4C028}.Debug|x86.ActiveCfg = Debug|Win32
		{F1BB1C5A-7EC8-4253-A377-BFC9D8C4C028}.Debug|x86.Build.0 = Debug|Win32
		{F1BB1C5A-7EC8-4253-A377-BFC9D8C4C028}.Release|x64.ActiveCfg = Release|x64
		{F1BB1C5A-7EC8-4253-A377-BFC9D8C4C028}.Release|x64.Build.0 = Release|x64
		{F1BB1C5A-7EC8-4253-A377-BFC9D8C4C028}.Release|x86.ActiveCfg = Release|Win32
		{F1BB1C5A-7EC8-4253-A377-BFC9D8C4C028}.Release|x86.Build.0 = Release|Win32
		{0446945F-6F9A-4F0E-A8B4-B29AE7787509}.Debug|x64.ActiveCfg = Debug|x64
		{0446945F-6F9A-4F0E-A8B4-B29AE7787509}.Debug|x64.Build.0 = Debug|x64
		{0446945F-6F9A-4F0E-A8B4-B29AE7787509}.Debug|x86.ActiveCfg = Debug|Win32
		{0446945F-6F9A-4F0E-A8B4-B29AE7787509}.Debug|x86.Build.0 = Debug|Win32
		{0446945F-6F9A-4F0E-A8B4-B29AE7787509}.Release|x64.ActiveCfg = Release|x64
		{0446945F-6F9A-4F0E-A8B4-B29AE7787509}.Release|x64.Build.0 = Release|x64
		{0446945F-6F9A-4F0E-A8B4-B29AE7787509}.Release|x86.ActiveCfg = Release|Win32
		{0446945F-6F9A-4F0E-A8B4-B29AE7787509}.Release|x86.Build.0 = Release|Win32
		{EE285E83-6790-4BFB-A865-87BF85EBDD6E}.Debug|x64.ActiveCfg = Debug|x64
		{EE285E83-6790-4BFB-A865-87BF85EBDD6E}.Debug|x64.Build.0 = Debug|x64
		{EE285E83-6790-4BFB-A865-87BF85EBDD6E}.Debug|x86.ActiveCfg = Debug|Win32
		{EE285E83-6790-4BFB-A865-87BF85EBDD6E}.Debug|x86.Build.0 = Debug|Win32
		{EE285E83-6790-4BFB-A865-87BF85EBDD6E}.Release|x64.ActiveCfg = Release|x64
		{EE285E83-6790-4BFB-A865-87BF85EBDD6E}.Release|x64.Build.0 = Release|x64
		{EE285E83-6790-4BFB-A865-87BF85EBDD6E}.Release|x86.ActiveCfg = Release|Win32
		{EE285E83-6790-4BFB-A865-87BF85EBDD6E}.Release|x86.Build.0 = Release|Win32
		{E17EAC9D-FA2F-4582-9150-E1471E7F8421}.Debug|x64.ActiveCfg = Debug|x64
		{E17EAC9D-FA2F-4582-9150-E1471E7F8421}.Debug|x64.Build.0 = Debug|x64
		{E17EAC9D-FA2F-4582-9150-E1471E7F8421}.Debug|x86.ActiveCfg = Debug|Win32
		{E17EAC9D-FA2F-4582-9150-E1471E7F8421}.Debug|x86.Build.0 = Debug|Win32
		{E17EAC9D-FA2F-4582-9150-E1471E7F8421}.Release|x64.ActiveCfg = Release|x64
		{E17EAC9D-FA2F-4582-9150-E1471E7F8421}.Release|x64.Build.0 = Release|x64
		{E17EAC9D-FA2F-4582-9150-E1471E7F8421}.Release|x86.ActiveCfg = Release|Win32
		{E17EAC9D-FA2F-4582-9150-E1471E7F8421}.Release|x86.Build.0 = Release|Win32
		{51CB682A-9923-4D39-83FF-B3533869B5C0}.Debug|x64.ActiveCfg = Debug|x64
		{51CB682A-9923-4D39-83FF-B3533869B5C0}.Debug|x64.Build.0 = Debug|x64
		{51CB682A-9923-4D39-83FF-B3533869B5C0}.Debug|x86.ActiveCfg = Debug|Win32
		{51CB682A-9923-4D39-83FF-B3533869B5C0}.Debug|x86.Build.0 = Debug|Win32
		{51CB682A-9923-4D39-83FF-B3533869B5C0}.Release|x64.ActiveCfg = Release|x64
		{51CB682A-9923-4D39-83FF-B3533869B5C0}.Release|x64.Build.0 = Release|x64
		{51CB682A-9923-4D39-83FF-B3533869B5C0}.Release|x86.ActiveCfg = Release|Win32
		{51CB682A-9923-4D39-83FF-B3533869B5C0}.Release|x86.Build.0 = Release|Win32
		{FEF803FE-D399-4930-99CC-89DF32CD646F}.Debug|x64.ActiveCfg = Debug|x64
		{FEF803FE-D399-4930-99CC-89DF32CD646F}.Debug|x64.Build.0 = Debug|x64
		{FEF803FE-D399-4930-99CC-89DF32CD646F}.Debug|x86.ActiveCfg = Debug|Win32
		{FEF803FE-D399-4930-99CC-89DF32CD646F}.Debug|x86.Build.0 = Debug|Win32
		{FEF803FE-D399-4930-99CC-89DF32CD646F}.Release|x64.ActiveCfg = Release|x64
		{FEF803FE-D399-4930-99CC-89DF32CD646F}.Release|x64.Build.0 = Release|x64
		{FEF803FE-D399-4930-99CC-89DF32CD646F}.Release|x86.ActiveCfg = Release|Win32
		{FEF803FE-D399-4930-99CC-89DF32CD646F}.Release|x86.Build.0 = Release|Win32
		{0DBCE62B-E805-468C-AAA2-8BA33884E311}.Debug|x64.ActiveCfg = Debug|x64
		{0DBCE62B-E805-468C-AAA2-8BA33884E311}.Debug|x64.Build.0 = Debug|x64
		{0DBCE62B-E805-468C-AAA2-8BA33884E311}.Debug|x86.ActiveCfg = Debug|Win32
		{0DBCE62B-E805-468C-AAA2-8BA33884E311}.Debug|x86.Build.0 = Debug|Win32
		{0DBCE62B-E805-468C-AAA2-8BA33884E311}.Release|x64.ActiveCfg = Release|x64
		{0DBCE62B-E805-468C-AAA2-8BA33884E311}.Release|x64.Build.0 = Release|x64
		{0DBCE62B-E805-468C-AAA2-8BA33884E311}.Release|x86.ActiveCfg = Release|Win32
		{0DBCE62B-E805-468C-AAA2-8BA33884E311}.Release|x86.Build.0 = Release|Win32
	EndGlobalSection
	GlobalSection(SolutionProperties) = preSolution
		HideSolutionNode = FALSE
	EndGlobalSection
	GlobalSection(ExtensibilityGlobals) = postSolution
		SolutionGuid = {EC011AB4-8FE5-4E50-B534-D4F483868434}
	EndGlobalSection
EndGlobal
